
Microsoft Visual Studio Solution File, Format Version 12.00
Project("{FAE04EC0-301F-11D3-BF4B-00C04F79EFBC}") = "Game", "Game\Game.csproj", "{FA61B3A5-8B16-400F-B87B-EF368E23203B}"
EndProject
Global
	GlobalSection(SolutionConfigurationPlatforms) = preSolution
		Debug|Any CPU = Debug|Any CPU
		Release|Any CPU = Release|Any CPU
	EndGlobalSection
	GlobalSection(ProjectConfigurationPlatforms) = postSolution
		{FA61B3A5-8B16-400F-B87B-EF368E23203B}.Debug|Any CPU.ActiveCfg = Debug|Any CPU
		{FA61B3A5-8B16-400F-B87B-EF368E23203B}.Debug|Any CPU.Build.0 = Debug|Any CPU
		{FA61B3A5-8B16-400F-B87B-EF368E23203B}.Release|Any CPU.ActiveCfg = Release|Any CPU
		{FA61B3A5-8B16-400F-B87B-EF368E23203B}.Release|Any CPU.Build.0 = Release|Any CPU
	EndGlobalSection
EndGlobal
